# THIS IS AN AUTOGENERATED FILE. DO NOT EDIT THIS FILE DIRECTLY.
# yarn lockfile v1


"@types/acl@^0.4.33":
  version "0.4.33"
  resolved "https://registry.yarnpkg.com/@types/acl/-/acl-0.4.33.tgz#0958c3ca70b79f1bbbd7d14b315c62903ac1b8df"
  dependencies:
    "@types/bluebird" "*"
    "@types/express" "*"
    "@types/mongodb" "*"
    "@types/node" "*"
    "@types/redis" "*"

"@types/bluebird@*":
  version "3.5.8"
  resolved "https://registry.yarnpkg.com/@types/bluebird/-/bluebird-3.5.8.tgz#242a83379f06c90f96acf6d1aeab3af6faebdb98"

"@types/bson@*":
  version "1.0.3"
  resolved "https://registry.yarnpkg.com/@types/bson/-/bson-1.0.3.tgz#6c26f0876bf9d8cbb06edd4019e29354bf3a03e0"
  dependencies:
    "@types/node" "*"

"@types/express-serve-static-core@*":
  version "4.0.49"
  resolved "https://registry.yarnpkg.com/@types/express-serve-static-core/-/express-serve-static-core-4.0.49.tgz#3438d68d26e39db934ba941f18e3862a1beeb722"
  dependencies:
    "@types/node" "*"

"@types/express@*":
  version "4.0.36"
  resolved "https://registry.yarnpkg.com/@types/express/-/express-4.0.36.tgz#14eb47de7ecb10319f0a2fb1cf971aa8680758c2"
  dependencies:
    "@types/express-serve-static-core" "*"
    "@types/serve-static" "*"

"@types/mime@*":
  version "1.3.1"
  resolved "https://registry.yarnpkg.com/@types/mime/-/mime-1.3.1.tgz#2cf42972d0931c1060c7d5fa6627fce6bd876f2f"

"@types/mongodb@*":
  version "2.2.9"
  resolved "https://registry.yarnpkg.com/@types/mongodb/-/mongodb-2.2.9.tgz#0dc823148103b7c943b16209f1899e33acd5faf6"
  dependencies:
    "@types/bson" "*"
    "@types/node" "*"

"@types/node@*":
  version "8.0.22"
  resolved "https://registry.yarnpkg.com/@types/node/-/node-8.0.22.tgz#9c6bfee1f45f5e9952ff6b487e657ecca48c7777"

"@types/redis@*":
  version "2.6.0"
  resolved "https://registry.yarnpkg.com/@types/redis/-/redis-2.6.0.tgz#7f01fdec1ba353e9ce7e8439807a43de61760c53"
  dependencies:
    "@types/node" "*"

"@types/serve-static@*":
  version "1.7.31"
  resolved "https://registry.yarnpkg.com/@types/serve-static/-/serve-static-1.7.31.tgz#15456de8d98d6b4cff31be6c6af7492ae63f521a"
  dependencies:
    "@types/express-serve-static-core" "*"
    "@types/mime" "*"
